
Microsoft Visual Studio Solution File, Format Version 12.00
# Visual Studio Version 17
VisualStudioVersion = 17.5.33424.131
MinimumVisualStudioVersion = 10.0.40219.1
Project("{FAE04EC0-301F-11D3-BF4B-00C04F79EFBC}") = "RozitekAPIConnector", "RozitekAPIConnector.csproj", "{38ABFEC8-2DE5-44B5-AF06-641BE61E7AE0}"
EndProject
Global
	GlobalSection(SolutionConfigurationPlatforms) = preSolution
		Debug|Any CPU = Debug|Any CPU
		Release|Any CPU = Release|Any CPU
	EndGlobalSection
	GlobalSection(ProjectConfigurationPlatforms) = postSolution
		{38ABFEC8-2DE5-44B5-AF06-641BE61E7AE0}.Debug|Any CPU.ActiveCfg = Debug|Any CPU
		{38ABFEC8-2DE5-44B5-AF06-641BE61E7AE0}.Debug|Any CPU.Build.0 = Debug|Any CPU
		{38ABFEC8-2DE5-44B5-AF06-641BE61E7AE0}.Release|Any CPU.ActiveCfg = Release|Any CPU
		{38ABFEC8-2DE5-44B5-AF06-641BE61E7AE0}.Release|Any CPU.Build.0 = Release|Any CPU
	EndGlobalSection
	GlobalSection(SolutionProperties) = preSolution
		HideSolutionNode = FALSE
	EndGlobalSection
	GlobalSection(ExtensibilityGlobals) = postSolution
		SolutionGuid = {EF684AEC-B259-4683-8F58-072F9F166534}
	EndGlobalSection
EndGlobal
